
Microsoft Visual Studio Solution File, Format Version 12.00
# Visual Studio Version 17
VisualStudioVersion = 17.2.32616.157
MinimumVisualStudioVersion = 10.0.40219.1
Project("{FAE04EC0-301F-11D3-BF4B-00C04F79EFBC}") = "TestPlugin", "TestPlugin.csproj", "{DC3428CC-ADC2-4910-8E9F-D743B9444436}"
EndProject
Global
	GlobalSection(SolutionConfigurationPlatforms) = preSolution
		Debug|Any CPU = Debug|Any CPU
		Release|Any CPU = Release|Any CPU
	EndGlobalSection
	GlobalSection(ProjectConfigurationPlatforms) = postSolution
		{DC3428CC-ADC2-4910-8E9F-D743B9444436}.Debug|Any CPU.ActiveCfg = Debug|Any CPU
		{DC3428CC-ADC2-4910-8E9F-D743B9444436}.Debug|Any CPU.Build.0 = Debug|Any CPU
		{DC3428CC-ADC2-4910-8E9F-D743B9444436}.Release|Any CPU.ActiveCfg = Release|Any CPU
		{DC3428CC-ADC2-4910-8E9F-D743B9444436}.Release|Any CPU.Build.0 = Release|Any CPU
	EndGlobalSection
	GlobalSection(SolutionProperties) = preSolution
		HideSolutionNode = FALSE
	EndGlobalSection
	GlobalSection(ExtensibilityGlobals) = postSolution
		SolutionGuid = {87CE74BC-F81D-47F2-B31C-8D123B054EAF}
	EndGlobalSection
EndGlobal
